# This file is automatically @generated by Cargo.
# It is not intended for manual editing.
version = 4

[[package]]
name = "i3ml-gpt"
version = "0.0.1"
dependencies = [
 "i3ml-journal",
]

[[package]]
name = "i3ml-journal"
version = "0.0.1"
dependencies = [
 "i3ml-sha256",
]

[[package]]
name = "i3ml-sha256"
version = "0.0.1"

[[package]]
name = "i3ml-wasm"
version = "0.0.1"

[[package]]
name = "nawa-aman"
version = "0.0.1"
dependencies = [
 "nawa-core",
 "nawa-sijil",
]

[[package]]
name = "nawa-core"
version = "0.0.1"

[[package]]
name = "nawa-gate"
version = "0.0.1"
dependencies = [
 "nawa-aman",
 "nawa-core",
 "nawa-sijil",
]

[[package]]
name = "nawa-kernel"
version = "0.0.1"
dependencies = [
 "i3ml-gpt",
 "i3ml-journal",
 "i3ml-wasm",
 "nawa-aman",
 "nawa-core",
 "nawa-gate",
 "nawa-sijil",
 "nawa-virtio",
]

[[package]]
name = "nawa-sijil"
version = "0.0.1"
dependencies = [
 "nawa-core",
]

[[package]]
name = "nawa-virtio"
version = "0.0.1"
dependencies = [
 "nawa-core",
]

[[package]]
name = "xtask"
version = "0.0.1"
